
Microsoft Visual Studio Solution File, Format Version 12.00
# Visual Studio 15
VisualStudioVersion = 15.0.28010.2026
MinimumVisualStudioVersion = 10.0.40219.1
Project("{2150E333-8FDC-42A3-9474-1A3956D46DE8}") = "0.Crosscutting", "0.Crosscutting", "{5683B93D-90D1-4BBC-A6B6-423B0A4DC2CF}"
EndProject
Project("{9A19103F-16F7-4668-BE54-9A1E7A4F7556}") = "Crosscutting", "Crosscutting\Crosscutting.csproj", "{49BA3839-5B26-4C8D-87B1-2E2849577A3A}"
EndProject
Project("{9A19103F-16F7-4668-BE54-9A1E7A4F7556}") = "Crosscutting.Test", "Crosscutting.Test\Crosscutting.Test.csproj", "{366D2DA3-0888-4E3C-B1E0-99E78F797964}"
EndProject
Project("{2150E333-8FDC-42A3-9474-1A3956D46DE8}") = "1.Web", "1.Web", "{50FD4492-DA35-45AC-B4EA-872C2A1C8ABE}"
EndProject
Project("{2150E333-8FDC-42A3-9474-1A3956D46DE8}") = "2.Services", "2.Services", "{D1EDE515-AB4B-4EF8-B839-A1A70A8CDBFA}"
EndProject
Project("{2150E333-8FDC-42A3-9474-1A3956D46DE8}") = "3.Domain", "3.Domain", "{31C8C575-C2BC-423A-8E3F-EB0D2EADEA5D}"
EndProject
Project("{2150E333-8FDC-42A3-9474-1A3956D46DE8}") = "4.Infrastructure", "4.Infrastructure", "{9C7EAF83-853C-4CB2-B8F5-01E30B82AB93}"
EndProject
Project("{9A19103F-16F7-4668-BE54-9A1E7A4F7556}") = "Adapter.Test", "Adapter.Test\Adapter.Test.csproj", "{F564CA2D-7CA1-400C-B6E2-C71A05038113}"
EndProject
Project("{9A19103F-16F7-4668-BE54-9A1E7A4F7556}") = "Domain.Test", "Domain.Test\Domain.Test.csproj", "{2C7ACF26-3741-4008-9D2A-2B75057E900D}"
EndProject
Project("{9A19103F-16F7-4668-BE54-9A1E7A4F7556}") = "Services.Test", "Services.Test\Services.Test.csproj", "{2696C848-3041-4999-B997-470BFB8732F6}"
EndProject
Project("{9A19103F-16F7-4668-BE54-9A1E7A4F7556}") = "Web.Test", "Web.Test\Web.Test.csproj", "{5BD7F13F-2D27-4C33-A628-5357D08EA51C}"
EndProject
Project("{9A19103F-16F7-4668-BE54-9A1E7A4F7556}") = "Services", "Services\Services.csproj", "{6CF1E997-1758-4A8C-A04A-120606931985}"
EndProject
Project("{9A19103F-16F7-4668-BE54-9A1E7A4F7556}") = "Domain", "Domain\Domain.csproj", "{208AE25D-DB25-4865-BED8-2466F7CB79CB}"
EndProject
Project("{9A19103F-16F7-4668-BE54-9A1E7A4F7556}") = "Adapter", "Adapter\Adapter.csproj", "{89C408AE-605A-4591-A337-D432FB4C2887}"
EndProject
Project("{9A19103F-16F7-4668-BE54-9A1E7A4F7556}") = "Repositories", "Repositories\Repositories.csproj", "{F3F45FF7-D0C1-4DC7-876B-815E62547B5E}"
EndProject
Project("{9A19103F-16F7-4668-BE54-9A1E7A4F7556}") = "Repositories.Test", "Repositories.Test\Repositories.Test.csproj", "{80CB7A4A-758B-41A5-A5D3-708373220ABB}"
EndProject
Global
	GlobalSection(SolutionConfigurationPlatforms) = preSolution
		Debug|Any CPU = Debug|Any CPU
		Release|Any CPU = Release|Any CPU
	EndGlobalSection
	GlobalSection(ProjectConfigurationPlatforms) = postSolution
		{49BA3839-5B26-4C8D-87B1-2E2849577A3A}.Debug|Any CPU.ActiveCfg = Debug|Any CPU
		{49BA3839-5B26-4C8D-87B1-2E2849577A3A}.Debug|Any CPU.Build.0 = Debug|Any CPU
		{49BA3839-5B26-4C8D-87B1-2E2849577A3A}.Release|Any CPU.ActiveCfg = Release|Any CPU
		{49BA3839-5B26-4C8D-87B1-2E2849577A3A}.Release|Any CPU.Build.0 = Release|Any CPU
		{366D2DA3-0888-4E3C-B1E0-99E78F797964}.Debug|Any CPU.ActiveCfg = Debug|Any CPU
		{366D2DA3-0888-4E3C-B1E0-99E78F797964}.Debug|Any CPU.Build.0 = Debug|Any CPU
		{366D2DA3-0888-4E3C-B1E0-99E78F797964}.Release|Any CPU.ActiveCfg = Release|Any CPU
		{366D2DA3-0888-4E3C-B1E0-99E78F797964}.Release|Any CPU.Build.0 = Release|Any CPU
		{F564CA2D-7CA1-400C-B6E2-C71A05038113}.Debug|Any CPU.ActiveCfg = Debug|Any CPU
		{F564CA2D-7CA1-400C-B6E2-C71A05038113}.Debug|Any CPU.Build.0 = Debug|Any CPU
		{F564CA2D-7CA1-400C-B6E2-C71A05038113}.Release|Any CPU.ActiveCfg = Release|Any CPU
		{F564CA2D-7CA1-400C-B6E2-C71A05038113}.Release|Any CPU.Build.0 = Release|Any CPU
		{2C7ACF26-3741-4008-9D2A-2B75057E900D}.Debug|Any CPU.ActiveCfg = Debug|Any CPU
		{2C7ACF26-3741-4008-9D2A-2B75057E900D}.Debug|Any CPU.Build.0 = Debug|Any CPU
		{2C7ACF26-3741-4008-9D2A-2B75057E900D}.Release|Any CPU.ActiveCfg = Release|Any CPU
		{2C7ACF26-3741-4008-9D2A-2B75057E900D}.Release|Any CPU.Build.0 = Release|Any CPU
		{2696C848-3041-4999-B997-470BFB8732F6}.Debug|Any CPU.ActiveCfg = Debug|Any CPU
		{2696C848-3041-4999-B997-470BFB8732F6}.Debug|Any CPU.Build.0 = Debug|Any CPU
		{2696C848-3041-4999-B997-470BFB8732F6}.Release|Any CPU.ActiveCfg = Release|Any CPU
		{2696C848-3041-4999-B997-470BFB8732F6}.Release|Any CPU.Build.0 = Release|Any CPU
		{5BD7F13F-2D27-4C33-A628-5357D08EA51C}.Debug|Any CPU.ActiveCfg = Debug|Any CPU
		{5BD7F13F-2D27-4C33-A628-5357D08EA51C}.Debug|Any CPU.Build.0 = Debug|Any CPU
		{5BD7F13F-2D27-4C33-A628-5357D08EA51C}.Release|Any CPU.ActiveCfg = Release|Any CPU
		{5BD7F13F-2D27-4C33-A628-5357D08EA51C}.Release|Any CPU.Build.0 = Release|Any CPU
		{6CF1E997-1758-4A8C-A04A-120606931985}.Debug|Any CPU.ActiveCfg = Debug|Any CPU
		{6CF1E997-1758-4A8C-A04A-120606931985}.Debug|Any CPU.Build.0 = Debug|Any CPU
		{6CF1E997-1758-4A8C-A04A-120606931985}.Release|Any CPU.ActiveCfg = Release|Any CPU
		{6CF1E997-1758-4A8C-A04A-120606931985}.Release|Any CPU.Build.0 = Release|Any CPU
		{208AE25D-DB25-4865-BED8-2466F7CB79CB}.Debug|Any CPU.ActiveCfg = Debug|Any CPU
		{208AE25D-DB25-4865-BED8-2466F7CB79CB}.Debug|Any CPU.Build.0 = Debug|Any CPU
		{208AE25D-DB25-4865-BED8-2466F7CB79CB}.Release|Any CPU.ActiveCfg = Release|Any CPU
		{208AE25D-DB25-4865-BED8-2466F7CB79CB}.Release|Any CPU.Build.0 = Release|Any CPU
		{89C408AE-605A-4591-A337-D432FB4C2887}.Debug|Any CPU.ActiveCfg = Debug|Any CPU
		{89C408AE-605A-4591-A337-D432FB4C2887}.Debug|Any CPU.Build.0 = Debug|Any CPU
		{89C408AE-605A-4591-A337-D432FB4C2887}.Release|Any CPU.ActiveCfg = Release|Any CPU
		{89C408AE-605A-4591-A337-D432FB4C2887}.Release|Any CPU.Build.0 = Release|Any CPU
		{F3F45FF7-D0C1-4DC7-876B-815E62547B5E}.Debug|Any CPU.ActiveCfg = Debug|Any CPU
		{F3F45FF7-D0C1-4DC7-876B-815E62547B5E}.Debug|Any CPU.Build.0 = Debug|Any CPU
		{F3F45FF7-D0C1-4DC7-876B-815E62547B5E}.Release|Any CPU.ActiveCfg = Release|Any CPU
		{F3F45FF7-D0C1-4DC7-876B-815E62547B5E}.Release|Any CPU.Build.0 = Release|Any CPU
		{80CB7A4A-758B-41A5-A5D3-708373220ABB}.Debug|Any CPU.ActiveCfg = Debug|Any CPU
		{80CB7A4A-758B-41A5-A5D3-708373220ABB}.Debug|Any CPU.Build.0 = Debug|Any CPU
		{80CB7A4A-758B-41A5-A5D3-708373220ABB}.Release|Any CPU.ActiveCfg = Release|Any CPU
		{80CB7A4A-758B-41A5-A5D3-708373220ABB}.Release|Any CPU.Build.0 = Release|Any CPU
	EndGlobalSection
	GlobalSection(SolutionProperties) = preSolution
		HideSolutionNode = FALSE
	EndGlobalSection
	GlobalSection(NestedProjects) = preSolution
		{49BA3839-5B26-4C8D-87B1-2E2849577A3A} = {5683B93D-90D1-4BBC-A6B6-423B0A4DC2CF}
		{366D2DA3-0888-4E3C-B1E0-99E78F797964} = {5683B93D-90D1-4BBC-A6B6-423B0A4DC2CF}
		{F564CA2D-7CA1-400C-B6E2-C71A05038113} = {9C7EAF83-853C-4CB2-B8F5-01E30B82AB93}
		{2C7ACF26-3741-4008-9D2A-2B75057E900D} = {31C8C575-C2BC-423A-8E3F-EB0D2EADEA5D}
		{2696C848-3041-4999-B997-470BFB8732F6} = {D1EDE515-AB4B-4EF8-B839-A1A70A8CDBFA}
		{5BD7F13F-2D27-4C33-A628-5357D08EA51C} = {50FD4492-DA35-45AC-B4EA-872C2A1C8ABE}
		{6CF1E997-1758-4A8C-A04A-120606931985} = {D1EDE515-AB4B-4EF8-B839-A1A70A8CDBFA}
		{208AE25D-DB25-4865-BED8-2466F7CB79CB} = {31C8C575-C2BC-423A-8E3F-EB0D2EADEA5D}
		{89C408AE-605A-4591-A337-D432FB4C2887} = {9C7EAF83-853C-4CB2-B8F5-01E30B82AB93}
		{F3F45FF7-D0C1-4DC7-876B-815E62547B5E} = {9C7EAF83-853C-4CB2-B8F5-01E30B82AB93}
		{80CB7A4A-758B-41A5-A5D3-708373220ABB} = {9C7EAF83-853C-4CB2-B8F5-01E30B82AB93}
	EndGlobalSection
	GlobalSection(ExtensibilityGlobals) = postSolution
		SolutionGuid = {C3191A10-E901-4367-A610-8EB74F3E16BC}
	EndGlobalSection
EndGlobal
